
Microsoft Visual Studio Solution File, Format Version 12.00
# Visual Studio Version 16
VisualStudioVersion = 16.0.31019.35
MinimumVisualStudioVersion = 10.0.40219.1
Project("{FAE04EC0-301F-11D3-BF4B-00C04F79EFBC}") = "Portfolio", "Portfolio\Portfolio.csproj", "{E593EA54-82DD-4A51-81D2-D3C5BA429388}"
EndProject
Project("{FAE04EC0-301F-11D3-BF4B-00C04F79EFBC}") = "PortfolioTest", "PortfolioTest\PortfolioTest.csproj", "{FAB8FF45-6B2A-453F-BF9E-BFD52F6E5CB6}"
EndProject
Global
	GlobalSection(SolutionConfigurationPlatforms) = preSolution
		Debug|Any CPU = Debug|Any CPU
		Release|Any CPU = Release|Any CPU
	EndGlobalSection
	GlobalSection(ProjectConfigurationPlatforms) = postSolution
		{E593EA54-82DD-4A51-81D2-D3C5BA429388}.Debug|Any CPU.ActiveCfg = Debug|Any CPU
		{E593EA54-82DD-4A51-81D2-D3C5BA429388}.Debug|Any CPU.Build.0 = Debug|Any CPU
		{E593EA54-82DD-4A51-81D2-D3C5BA429388}.Release|Any CPU.ActiveCfg = Release|Any CPU
		{E593EA54-82DD-4A51-81D2-D3C5BA429388}.Release|Any CPU.Build.0 = Release|Any CPU
		{FAB8FF45-6B2A-453F-BF9E-BFD52F6E5CB6}.Debug|Any CPU.ActiveCfg = Debug|Any CPU
		{FAB8FF45-6B2A-453F-BF9E-BFD52F6E5CB6}.Debug|Any CPU.Build.0 = Debug|Any CPU
		{FAB8FF45-6B2A-453F-BF9E-BFD52F6E5CB6}.Release|Any CPU.ActiveCfg = Release|Any CPU
		{FAB8FF45-6B2A-453F-BF9E-BFD52F6E5CB6}.Release|Any CPU.Build.0 = Release|Any CPU
	EndGlobalSection
	GlobalSection(SolutionProperties) = preSolution
		HideSolutionNode = FALSE
	EndGlobalSection
	GlobalSection(ExtensibilityGlobals) = postSolution
		SolutionGuid = {02EECDD8-5AD8-4544-B1A7-9FF937100A88}
	EndGlobalSection
EndGlobal
